{
  "nodes": {
    "nixlib": {
      "locked": {
        "lastModified": 1636849918,
        "narHash": "sha256-nzUK6dPcTmNVrgTAC1EOybSMsrcx+QrVPyqRdyKLkjA=",
        "owner": "nix-community",
        "repo": "nixpkgs.lib",
        "rev": "28a5b0557f14124608db68d3ee1f77e9329e9dd5",
        "type": "github"
      },
      "original": {
        "owner": "nix-community",
        "repo": "nixpkgs.lib",
        "type": "github"
      }
    },
    "nixlib_2": {
      "locked": {
        "lastModified": 1636849918,
        "narHash": "sha256-nzUK6dPcTmNVrgTAC1EOybSMsrcx+QrVPyqRdyKLkjA=",
        "owner": "nix-community",
        "repo": "nixpkgs.lib",
        "rev": "28a5b0557f14124608db68d3ee1f77e9329e9dd5",
        "type": "github"
      },
      "original": {
        "owner": "nix-community",
        "repo": "nixpkgs.lib",
        "type": "github"
      }
    },
    "nixos-generators-stable": {
      "inputs": {
        "nixlib": "nixlib",
        "nixpkgs": [
          "nixpkgs-stable"
        ]
      },
      "locked": {
        "lastModified": 1660727616,
        "narHash": "sha256-zYTIvdPMYMx/EYqXODAwIIU30RiEHqNHdgarIHuEYZc=",
        "owner": "nix-community",
        "repo": "nixos-generators",
        "rev": "adccd191a0e83039d537e021f19495b7bad546a1",
        "type": "github"
      },
      "original": {
        "owner": "nix-community",
        "repo": "nixos-generators",
        "type": "github"
      }
    },
    "nixos-generators-unstable": {
      "inputs": {
        "nixlib": "nixlib_2",
        "nixpkgs": [
          "nixpkgs-unstable"
        ]
      },
      "locked": {
        "lastModified": 1660727616,
        "narHash": "sha256-zYTIvdPMYMx/EYqXODAwIIU30RiEHqNHdgarIHuEYZc=",
        "owner": "nix-community",
        "repo": "nixos-generators",
        "rev": "adccd191a0e83039d537e021f19495b7bad546a1",
        "type": "github"
      },
      "original": {
        "owner": "nix-community",
        "repo": "nixos-generators",
        "type": "github"
      }
    },
    "nixpkgs-stable": {
      "locked": {
        "lastModified": 1665596265,
        "narHash": "sha256-H7Ku1SF+7zDEqw8QOyEDA5blMJQW9MvdfgB+K3KJNLw=",
        "owner": "NixOS",
        "repo": "nixpkgs",
        "rev": "9234f5a17e1a7820b5e91ecd4ff0de449e293383",
        "type": "github"
      },
      "original": {
        "owner": "NixOS",
        "ref": "nixos-22.05",
        "repo": "nixpkgs",
        "type": "github"
      }
    },
    "nixpkgs-unstable": {
      "locked": {
        "lastModified": 1665580254,
        "narHash": "sha256-hO61XPkp1Hphl4HGNzj1VvDH5URt7LI6LaY/385Eul4=",
        "owner": "NixOS",
        "repo": "nixpkgs",
        "rev": "f634d427b0224a5f531ea5aa10c3960ba6ec5f0f",
        "type": "github"
      },
      "original": {
        "owner": "NixOS",
        "ref": "nixos-unstable",
        "repo": "nixpkgs",
        "type": "github"
      }
    },
    "root": {
      "inputs": {
        "nixos-generators-stable": "nixos-generators-stable",
        "nixos-generators-unstable": "nixos-generators-unstable",
        "nixpkgs-stable": "nixpkgs-stable",
        "nixpkgs-unstable": "nixpkgs-unstable"
      }
    }
  },
  "root": "root",
  "version": 7
}
